github.com/gorilla/websocket v1.5.3 h1:saDtZ6Pbx/0u+bgYQ3q96pZgCzfhKXGPqt7kZ72aNNg=
github.com/gorilla/websocket v1.5.3/go.mod h1:YR8l580nyteQvAITg2hZ9XVh4b55+EU/adAjf1fMHhE=
github.com/roberthodgen/spa-server v0.0.0-20171007154335-bb87b4ff3253 h1:GDTuxylfsSbc8CHl6kNC9an/tUoe1EklYP5Uc6qoxCA=
github.com/roberthodgen/spa-server v0.0.0-20171007154335-bb87b4ff3253/go.mod h1:OrGqvII1PHEVwjTXyjnk4d2wz65qSRH928rsuvaevXU=
google.golang.org/protobuf v1.36.5 h1:tPhr+woSbjfYvY6/GPufUoYizxw1cF/yFoxJ2fmpwlM=
google.golang.org/protobuf v1.36.5/go.mod h1:9fA7Ob0pmnwhb644+1+CVWFRbNajQ6iRojtC/QF5bRE=
