{
  "nodes": {
    "flake-utils": {
      "inputs": {
        "systems": "systems"
      },
      "locked": {
        "lastModified": 1705309234,
        "narHash": "sha256-uNRRNRKmJyCRC/8y1RqBkqWBLM034y4qN7EprSdmgyA=",
        "owner": "numtide",
        "repo": "flake-utils",
        "rev": "1ef2e671c3b0c19053962c07dbda38332dcebf26",
        "type": "github"
      },
      "original": {
        "owner": "numtide",
        "repo": "flake-utils",
        "type": "github"
      }
    },
    "home-manager": {
      "inputs": {
        "nixpkgs": "nixpkgs"
      },
      "locked": {
        "lastModified": 1725180166,
        "narHash": "sha256-fzssXuGR/mCeGbzM1ExaTqDz7QDGta3WA4jJsZyRruo=",
        "owner": "nix-community",
        "repo": "home-manager",
        "rev": "471e3eb0a114265bcd62d11d58ba8d3421ee68eb",
        "type": "github"
      },
      "original": {
        "id": "home-manager",
        "type": "indirect"
      }
    },
    "nix-ros-overlay": {
      "inputs": {
        "flake-utils": "flake-utils",
        "nixpkgs": "nixpkgs_2"
      },
      "locked": {
        "lastModified": 1712797796,
        "narHash": "sha256-SkCWsnJ6H+LbXt7PLroXCPlb0k52+EG7WKEXtWjuNbI=",
        "owner": "lopsided98",
        "repo": "nix-ros-overlay",
        "rev": "e239e71fd2ce40ce1f7499328a4c92e9473fec88",
        "type": "github"
      },
      "original": {
        "owner": "lopsided98",
        "ref": "master",
        "repo": "nix-ros-overlay",
        "type": "github"
      }
    },
    "nixpkgs": {
      "locked": {
        "lastModified": 1723175592,
        "narHash": "sha256-M0xJ3FbDUc4fRZ84dPGx5VvgFsOzds77KiBMW/mMTnI=",
        "owner": "NixOS",
        "repo": "nixpkgs",
        "rev": "5e0ca22929f3342b19569b21b2f3462f053e497b",
        "type": "github"
      },
      "original": {
        "owner": "NixOS",
        "ref": "nixos-unstable",
        "repo": "nixpkgs",
        "type": "github"
      }
    },
    "nixpkgs-unstable": {
      "locked": {
        "lastModified": 1725432240,
        "narHash": "sha256-+yj+xgsfZaErbfYM3T+QvEE2hU7UuE+Jf0fJCJ8uPS0=",
        "owner": "nixos",
        "repo": "nixpkgs",
        "rev": "ad416d066ca1222956472ab7d0555a6946746a80",
        "type": "github"
      },
      "original": {
        "owner": "nixos",
        "ref": "nixos-unstable",
        "repo": "nixpkgs",
        "type": "github"
      }
    },
    "nixpkgs_2": {
      "locked": {
        "lastModified": 1707268954,
        "narHash": "sha256-2en1kvde3cJVc3ZnTy8QeD2oKcseLFjYPLKhIGDanQ0=",
        "owner": "lopsided98",
        "repo": "nixpkgs",
        "rev": "f8e2ebd66d097614d51a56a755450d4ae1632df1",
        "type": "github"
      },
      "original": {
        "owner": "lopsided98",
        "ref": "nix-ros",
        "repo": "nixpkgs",
        "type": "github"
      }
    },
    "root": {
      "inputs": {
        "home-manager": "home-manager",
        "nix-ros-overlay": "nix-ros-overlay",
        "nixpkgs": [
          "nix-ros-overlay",
          "nixpkgs"
        ],
        "nixpkgs-unstable": "nixpkgs-unstable"
      }
    },
    "systems": {
      "locked": {
        "lastModified": 1681028828,
        "narHash": "sha256-Vy1rq5AaRuLzOxct8nz4T6wlgyUR7zLU309k9mBC768=",
        "owner": "nix-systems",
        "repo": "default",
        "rev": "da67096a3b9bf56a91d16901293e51ba5b49a27e",
        "type": "github"
      },
      "original": {
        "owner": "nix-systems",
        "repo": "default",
        "type": "github"
      }
    }
  },
  "root": "root",
  "version": 7
}
